{
  "name": "abap2UI5-api",
  "version": "1.0.0",
  "lockfileVersion": 3,
  "requires": true,
  "packages": {
    "": {
      "name": "abap2UI5-api",
      "version": "1.0.0",
      "license": "MIT",
      "devDependencies": {
        "@abaplint/cli": "^2.120.3"
      },
      "engines": {
        "node": ">=22"
      }
    },
    "node_modules/@abaplint/cli": {
      "version": "2.120.3",
      "resolved": "https://registry.npmjs.org/@abaplint/cli/-/cli-2.120.3.tgz",
      "integrity": "sha512-9Qdc9WpH5FbrOaDw/RsZ9qGJWGPKGv1ZTbGaGpUTv8qP8EYgGvga6XNXUPZkT2yJH0w1PEC5p0Zei6DwJZQGzw==",
      "dev": true,
      "license": "MIT",
      "bin": {
        "abaplint": "abaplint"
      },
      "engines": {
        "node": ">=18.0.0"
      },
      "funding": {
        "url": "https://github.com/sponsors/larshp"
      }
    }
  }
}
